// !$*UTF8*$!
{
	archiveVersion = 1;
	classes = {
	};
	objectVersion = 46;
	objects = {

/* Begin PBXBuildFile section */
		A061594119FEF22C005ADCBB /* main.m in Sources */ = {isa = PBXBuildFile; fileRef = A061594019FEF22C005ADCBB /* main.m */; };
		A061594419FEF22C005ADCBB /* AppDelegate.m in Sources */ = {isa = PBXBuildFile; fileRef = A061594319FEF22C005ADCBB /* AppDelegate.m */; };
		A061594A19FEF22C005ADCBB /* ViewController.m in Sources */ = {isa = PBXBuildFile; fileRef = A061594919FEF22C005ADCBB /* ViewController.m */; };
		A061594D19FEF22C005ADCBB /* Main.storyboard in Resources */ = {isa = PBXBuildFile; fileRef = A061594B19FEF22C005ADCBB /* Main.storyboard */; };
		A061594F19FEF22C005ADCBB /* Images.xcassets in Resources */ = {isa = PBXBuildFile; fileRef = A061594E19FEF22C005ADCBB /* Images.xcassets */; };
		A061595219FEF22C005ADCBB /* LaunchScreen.xib in Resources */ = {isa = PBXBuildFile; fileRef = A061595019FEF22C005ADCBB /* LaunchScreen.xib */; };
		A061595E19FEF22C005ADCBB /* SDDataStoreTests.m in Sources */ = {isa = PBXBuildFile; fileRef = A061595D19FEF22C005ADCBB /* SDDataStoreTests.m */; };
		A061596A19FEF2A1005ADCBB /* SDDataStore.xcdatamodeld in Sources */ = {isa = PBXBuildFile; fileRef = A061596819FEF2A1005ADCBB /* SDDataStore.xcdatamodeld */; };
		A061596E19FEF2F0005ADCBB /* SDCoreDataInterface.m in Sources */ = {isa = PBXBuildFile; fileRef = A061596D19FEF2F0005ADCBB /* SDCoreDataInterface.m */; };
		A061597119FEF326005ADCBB /* SDCoreDataLayer.m in Sources */ = {isa = PBXBuildFile; fileRef = A061597019FEF326005ADCBB /* SDCoreDataLayer.m */; };
		A061597F19FEFB6B005ADCBB /* NSFetchRequest+Extensions.m in Sources */ = {isa = PBXBuildFile; fileRef = A061597E19FEFB6B005ADCBB /* NSFetchRequest+Extensions.m */; };
		A061598219FF0405005ADCBB /* NSObject+Extensions.m in Sources */ = {isa = PBXBuildFile; fileRef = A061598119FF0405005ADCBB /* NSObject+Extensions.m */; };
		A061598519FF0D46005ADCBB /* NSManagedObjectContext+Extensions.m in Sources */ = {isa = PBXBuildFile; fileRef = A061598419FF0D46005ADCBB /* NSManagedObjectContext+Extensions.m */; };
		A061598819FF17BE005ADCBB /* NSManagedObject+Extensions.m in Sources */ = {isa = PBXBuildFile; fileRef = A061598719FF17BE005ADCBB /* NSManagedObject+Extensions.m */; };
/* End PBXBuildFile section */

/* Begin PBXContainerItemProxy section */
		A061595819FEF22C005ADCBB /* PBXContainerItemProxy */ = {
			isa = PBXContainerItemProxy;
			containerPortal = A061593319FEF22C005ADCBB /* Project object */;
			proxyType = 1;
			remoteGlobalIDString = A061593A19FEF22C005ADCBB;
			remoteInfo = SDDataStore;
		};
/* End PBXContainerItemProxy section */

/* Begin PBXFileReference section */
		A061593B19FEF22C005ADCBB /* SDDataStore.app */ = {isa = PBXFileReference; explicitFileType = wrapper.application; includeInIndex = 0; path = SDDataStore.app; sourceTree = BUILT_PRODUCTS_DIR; };
		A061593F19FEF22C005ADCBB /* Info.plist */ = {isa = PBXFileReference; lastKnownFileType = text.plist.xml; path = Info.plist; sourceTree = "<group>"; };
		A061594019FEF22C005ADCBB /* main.m */ = {isa = PBXFileReference; lastKnownFileType = sourcecode.c.objc; path = main.m; sourceTree = "<group>"; };
		A061594219FEF22C005ADCBB /* AppDelegate.h */ = {isa = PBXFileReference; lastKnownFileType = sourcecode.c.h; path = AppDelegate.h; sourceTree = "<group>"; };
		A061594319FEF22C005ADCBB /* AppDelegate.m */ = {isa = PBXFileReference; lastKnownFileType = sourcecode.c.objc; path = AppDelegate.m; sourceTree = "<group>"; };
		A061594819FEF22C005ADCBB /* ViewController.h */ = {isa = PBXFileReference; lastKnownFileType = sourcecode.c.h; path = ViewController.h; sourceTree = "<group>"; };
		A061594919FEF22C005ADCBB /* ViewController.m */ = {isa = PBXFileReference; lastKnownFileType = sourcecode.c.objc; path = ViewController.m; sourceTree = "<group>"; };
		A061594C19FEF22C005ADCBB /* Base */ = {isa = PBXFileReference; lastKnownFileType = file.storyboard; name = Base; path = Base.lproj/Main.storyboard; sourceTree = "<group>"; };
		A061594E19FEF22C005ADCBB /* Images.xcassets */ = {isa = PBXFileReference; lastKnownFileType = folder.assetcatalog; path = Images.xcassets; sourceTree = "<group>"; };
		A061595119FEF22C005ADCBB /* Base */ = {isa = PBXFileReference; lastKnownFileType = file.xib; name = Base; path = Base.lproj/LaunchScreen.xib; sourceTree = "<group>"; };
		A061595719FEF22C005ADCBB /* SDDataStoreTests.xctest */ = {isa = PBXFileReference; explicitFileType = wrapper.cfbundle; includeInIndex = 0; path = SDDataStoreTests.xctest; sourceTree = BUILT_PRODUCTS_DIR; };
		A061595C19FEF22C005ADCBB /* Info.plist */ = {isa = PBXFileReference; lastKnownFileType = text.plist.xml; path = Info.plist; sourceTree = "<group>"; };
		A061595D19FEF22C005ADCBB /* SDDataStoreTests.m */ = {isa = PBXFileReference; lastKnownFileType = sourcecode.c.objc; path = SDDataStoreTests.m; sourceTree = "<group>"; };
		A061596919FEF2A1005ADCBB /* SDDataStore.xcdatamodel */ = {isa = PBXFileReference; lastKnownFileType = wrapper.xcdatamodel; path = SDDataStore.xcdatamodel; sourceTree = "<group>"; };
		A061596C19FEF2F0005ADCBB /* SDCoreDataInterface.h */ = {isa = PBXFileReference; fileEncoding = 4; lastKnownFileType = sourcecode.c.h; path = SDCoreDataInterface.h; sourceTree = "<group>"; };
		A061596D19FEF2F0005ADCBB /* SDCoreDataInterface.m */ = {isa = PBXFileReference; fileEncoding = 4; lastKnownFileType = sourcecode.c.objc; path = SDCoreDataInterface.m; sourceTree = "<group>"; };
		A061596F19FEF326005ADCBB /* SDCoreDataLayer.h */ = {isa = PBXFileReference; fileEncoding = 4; lastKnownFileType = sourcecode.c.h; path = SDCoreDataLayer.h; sourceTree = "<group>"; };
		A061597019FEF326005ADCBB /* SDCoreDataLayer.m */ = {isa = PBXFileReference; fileEncoding = 4; lastKnownFileType = sourcecode.c.objc; path = SDCoreDataLayer.m; sourceTree = "<group>"; };
		A061597D19FEFB6B005ADCBB /* NSFetchRequest+Extensions.h */ = {isa = PBXFileReference; fileEncoding = 4; lastKnownFileType = sourcecode.c.h; path = "NSFetchRequest+Extensions.h"; sourceTree = "<group>"; };
		A061597E19FEFB6B005ADCBB /* NSFetchRequest+Extensions.m */ = {isa = PBXFileReference; fileEncoding = 4; lastKnownFileType = sourcecode.c.objc; path = "NSFetchRequest+Extensions.m"; sourceTree = "<group>"; };
		A061598019FF0405005ADCBB /* NSObject+Extensions.h */ = {isa = PBXFileReference; fileEncoding = 4; lastKnownFileType = sourcecode.c.h; path = "NSObject+Extensions.h"; sourceTree = "<group>"; };
		A061598119FF0405005ADCBB /* NSObject+Extensions.m */ = {isa = PBXFileReference; fileEncoding = 4; lastKnownFileType = sourcecode.c.objc; path = "NSObject+Extensions.m"; sourceTree = "<group>"; };
		A061598319FF0D46005ADCBB /* NSManagedObjectContext+Extensions.h */ = {isa = PBXFileReference; fileEncoding = 4; lastKnownFileType = sourcecode.c.h; path = "NSManagedObjectContext+Extensions.h"; sourceTree = "<group>"; };
		A061598419FF0D46005ADCBB /* NSManagedObjectContext+Extensions.m */ = {isa = PBXFileReference; fileEncoding = 4; lastKnownFileType = sourcecode.c.objc; path = "NSManagedObjectContext+Extensions.m"; sourceTree = "<group>"; };
		A061598619FF17BE005ADCBB /* NSManagedObject+Extensions.h */ = {isa = PBXFileReference; fileEncoding = 4; lastKnownFileType = sourcecode.c.h; path = "NSManagedObject+Extensions.h"; sourceTree = "<group>"; };
		A061598719FF17BE005ADCBB /* NSManagedObject+Extensions.m */ = {isa = PBXFileReference; fileEncoding = 4; lastKnownFileType = sourcecode.c.objc; path = "NSManagedObject+Extensions.m"; sourceTree = "<group>"; };
/* End PBXFileReference section */

/* Begin PBXFrameworksBuildPhase section */
		A061593819FEF22C005ADCBB /* Frameworks */ = {
			isa = PBXFrameworksBuildPhase;
			buildActionMask = 2147483647;
			files = (
			);
			runOnlyForDeploymentPostprocessing = 0;
		};
		A061595419FEF22C005ADCBB /* Frameworks */ = {
			isa = PBXFrameworksBuildPhase;
			buildActionMask = 2147483647;
			files = (
			);
			runOnlyForDeploymentPostprocessing = 0;
		};
/* End PBXFrameworksBuildPhase section */

/* Begin PBXGroup section */
		A061593219FEF22C005ADCBB = {
			isa = PBXGroup;
			children = (
				A061593D19FEF22C005ADCBB /* SDDataStore */,
				A061595A19FEF22C005ADCBB /* SDDataStoreTests */,
				A061593C19FEF22C005ADCBB /* Products */,
			);
			sourceTree = "<group>";
		};
		A061593C19FEF22C005ADCBB /* Products */ = {
			isa = PBXGroup;
			children = (
				A061593B19FEF22C005ADCBB /* SDDataStore.app */,
				A061595719FEF22C005ADCBB /* SDDataStoreTests.xctest */,
			);
			name = Products;
			sourceTree = "<group>";
		};
		A061593D19FEF22C005ADCBB /* SDDataStore */ = {
			isa = PBXGroup;
			children = (
				A061598019FF0405005ADCBB /* NSObject+Extensions.h */,
				A061598119FF0405005ADCBB /* NSObject+Extensions.m */,
				A061596719FEF2A1005ADCBB /* CoreData */,
				A061594219FEF22C005ADCBB /* AppDelegate.h */,
				A061594319FEF22C005ADCBB /* AppDelegate.m */,
				A061594819FEF22C005ADCBB /* ViewController.h */,
				A061594919FEF22C005ADCBB /* ViewController.m */,
				A061594B19FEF22C005ADCBB /* Main.storyboard */,
				A061594E19FEF22C005ADCBB /* Images.xcassets */,
				A061595019FEF22C005ADCBB /* LaunchScreen.xib */,
				A061593E19FEF22C005ADCBB /* Supporting Files */,
			);
			path = SDDataStore;
			sourceTree = "<group>";
		};
		A061593E19FEF22C005ADCBB /* Supporting Files */ = {
			isa = PBXGroup;
			children = (
				A061593F19FEF22C005ADCBB /* Info.plist */,
				A061594019FEF22C005ADCBB /* main.m */,
			);
			name = "Supporting Files";
			sourceTree = "<group>";
		};
		A061595A19FEF22C005ADCBB /* SDDataStoreTests */ = {
			isa = PBXGroup;
			children = (
				A061595D19FEF22C005ADCBB /* SDDataStoreTests.m */,
				A061595B19FEF22C005ADCBB /* Supporting Files */,
			);
			path = SDDataStoreTests;
			sourceTree = "<group>";
		};
		A061595B19FEF22C005ADCBB /* Supporting Files */ = {
			isa = PBXGroup;
			children = (
				A061595C19FEF22C005ADCBB /* Info.plist */,
			);
			name = "Supporting Files";
			sourceTree = "<group>";
		};
		A061596719FEF2A1005ADCBB /* CoreData */ = {
			isa = PBXGroup;
			children = (
				A061597919FEFB06005ADCBB /* CoreDataCategories */,
				A061596B19FEF2C1005ADCBB /* Entities */,
				A061596819FEF2A1005ADCBB /* SDDataStore.xcdatamodeld */,
				A061596C19FEF2F0005ADCBB /* SDCoreDataInterface.h */,
				A061596D19FEF2F0005ADCBB /* SDCoreDataInterface.m */,
				A061596F19FEF326005ADCBB /* SDCoreDataLayer.h */,
				A061597019FEF326005ADCBB /* SDCoreDataLayer.m */,
			);
			path = CoreData;
			sourceTree = "<group>";
		};
		A061596B19FEF2C1005ADCBB /* Entities */ = {
			isa = PBXGroup;
			children = (
			);
			path = Entities;
			sourceTree = "<group>";
		};
		A061597919FEFB06005ADCBB /* CoreDataCategories */ = {
			isa = PBXGroup;
			children = (
				A061597D19FEFB6B005ADCBB /* NSFetchRequest+Extensions.h */,
				A061597E19FEFB6B005ADCBB /* NSFetchRequest+Extensions.m */,
				A061598319FF0D46005ADCBB /* NSManagedObjectContext+Extensions.h */,
				A061598419FF0D46005ADCBB /* NSManagedObjectContext+Extensions.m */,
				A061598619FF17BE005ADCBB /* NSManagedObject+Extensions.h */,
				A061598719FF17BE005ADCBB /* NSManagedObject+Extensions.m */,
			);
			path = CoreDataCategories;
			sourceTree = "<group>";
		};
/* End PBXGroup section */

/* Begin PBXNativeTarget section */
		A061593A19FEF22C005ADCBB /* SDDataStore */ = {
			isa = PBXNativeTarget;
			buildConfigurationList = A061596119FEF22C005ADCBB /* Build configuration list for PBXNativeTarget "SDDataStore" */;
			buildPhases = (
				A061593719FEF22C005ADCBB /* Sources */,
				A061593819FEF22C005ADCBB /* Frameworks */,
				A061593919FEF22C005ADCBB /* Resources */,
			);
			buildRules = (
			);
			dependencies = (
			);
			name = SDDataStore;
			productName = SDDataStore;
			productReference = A061593B19FEF22C005ADCBB /* SDDataStore.app */;
			productType = "com.apple.product-type.application";
		};
		A061595619FEF22C005ADCBB /* SDDataStoreTests */ = {
			isa = PBXNativeTarget;
			buildConfigurationList = A061596419FEF22C005ADCBB /* Build configuration list for PBXNativeTarget "SDDataStoreTests" */;
			buildPhases = (
				A061595319FEF22C005ADCBB /* Sources */,
				A061595419FEF22C005ADCBB /* Frameworks */,
				A061595519FEF22C005ADCBB /* Resources */,
			);
			buildRules = (
			);
			dependencies = (
				A061595919FEF22C005ADCBB /* PBXTargetDependency */,
			);
			name = SDDataStoreTests;
			productName = SDDataStoreTests;
			productReference = A061595719FEF22C005ADCBB /* SDDataStoreTests.xctest */;
			productType = "com.apple.product-type.bundle.unit-test";
		};
/* End PBXNativeTarget section */

/* Begin PBXProject section */
		A061593319FEF22C005ADCBB /* Project object */ = {
			isa = PBXProject;
			attributes = {
				LastUpgradeCheck = 0600;
				ORGANIZATIONNAME = Seth;
				TargetAttributes = {
					A061593A19FEF22C005ADCBB = {
						CreatedOnToolsVersion = 6.0;
					};
					A061595619FEF22C005ADCBB = {
						CreatedOnToolsVersion = 6.0;
						TestTargetID = A061593A19FEF22C005ADCBB;
					};
				};
			};
			buildConfigurationList = A061593619FEF22C005ADCBB /* Build configuration list for PBXProject "SDDataStore" */;
			compatibilityVersion = "Xcode 3.2";
			developmentRegion = English;
			hasScannedForEncodings = 0;
			knownRegions = (
				en,
				Base,
			);
			mainGroup = A061593219FEF22C005ADCBB;
			productRefGroup = A061593C19FEF22C005ADCBB /* Products */;
			projectDirPath = "";
			projectRoot = "";
			targets = (
				A061593A19FEF22C005ADCBB /* SDDataStore */,
				A061595619FEF22C005ADCBB /* SDDataStoreTests */,
			);
		};
/* End PBXProject section */

/* Begin PBXResourcesBuildPhase section */
		A061593919FEF22C005ADCBB /* Resources */ = {
			isa = PBXResourcesBuildPhase;
			buildActionMask = 2147483647;
			files = (
				A061594D19FEF22C005ADCBB /* Main.storyboard in Resources */,
				A061595219FEF22C005ADCBB /* LaunchScreen.xib in Resources */,
				A061594F19FEF22C005ADCBB /* Images.xcassets in Resources */,
			);
			runOnlyForDeploymentPostprocessing = 0;
		};
		A061595519FEF22C005ADCBB /* Resources */ = {
			isa = PBXResourcesBuildPhase;
			buildActionMask = 2147483647;
			files = (
			);
			runOnlyForDeploymentPostprocessing = 0;
		};
/* End PBXResourcesBuildPhase section */

/* Begin PBXSourcesBuildPhase section */
		A061593719FEF22C005ADCBB /* Sources */ = {
			isa = PBXSourcesBuildPhase;
			buildActionMask = 2147483647;
			files = (
				A061597F19FEFB6B005ADCBB /* NSFetchRequest+Extensions.m in Sources */,
				A061598519FF0D46005ADCBB /* NSManagedObjectContext+Extensions.m in Sources */,
				A061596E19FEF2F0005ADCBB /* SDCoreDataInterface.m in Sources */,
				A061597119FEF326005ADCBB /* SDCoreDataLayer.m in Sources */,
				A061598219FF0405005ADCBB /* NSObject+Extensions.m in Sources */,
				A061594419FEF22C005ADCBB /* AppDelegate.m in Sources */,
				A061594A19FEF22C005ADCBB /* ViewController.m in Sources */,
				A061598819FF17BE005ADCBB /* NSManagedObject+Extensions.m in Sources */,
				A061596A19FEF2A1005ADCBB /* SDDataStore.xcdatamodeld in Sources */,
				A061594119FEF22C005ADCBB /* main.m in Sources */,
			);
			runOnlyForDeploymentPostprocessing = 0;
		};
		A061595319FEF22C005ADCBB /* Sources */ = {
			isa = PBXSourcesBuildPhase;
			buildActionMask = 2147483647;
			files = (
				A061595E19FEF22C005ADCBB /* SDDataStoreTests.m in Sources */,
			);
			runOnlyForDeploymentPostprocessing = 0;
		};
/* End PBXSourcesBuildPhase section */

/* Begin PBXTargetDependency section */
		A061595919FEF22C005ADCBB /* PBXTargetDependency */ = {
			isa = PBXTargetDependency;
			target = A061593A19FEF22C005ADCBB /* SDDataStore */;
			targetProxy = A061595819FEF22C005ADCBB /* PBXContainerItemProxy */;
		};
/* End PBXTargetDependency section */

/* Begin PBXVariantGroup section */
		A061594B19FEF22C005ADCBB /* Main.storyboard */ = {
			isa = PBXVariantGroup;
			children = (
				A061594C19FEF22C005ADCBB /* Base */,
			);
			name = Main.storyboard;
			sourceTree = "<group>";
		};
		A061595019FEF22C005ADCBB /* LaunchScreen.xib */ = {
			isa = PBXVariantGroup;
			children = (
				A061595119FEF22C005ADCBB /* Base */,
			);
			name = LaunchScreen.xib;
			sourceTree = "<group>";
		};
/* End PBXVariantGroup section */

/* Begin XCBuildConfiguration section */
		A061595F19FEF22C005ADCBB /* Debug */ = {
			isa = XCBuildConfiguration;
			buildSettings = {
				ALWAYS_SEARCH_USER_PATHS = NO;
				CLANG_CXX_LANGUAGE_STANDARD = "gnu++0x";
				CLANG_CXX_LIBRARY = "libc++";
				CLANG_ENABLE_MODULES = YES;
				CLANG_ENABLE_OBJC_ARC = YES;
				CLANG_WARN_BOOL_CONVERSION = YES;
				CLANG_WARN_CONSTANT_CONVERSION = YES;
				CLANG_WARN_DIRECT_OBJC_ISA_USAGE = YES_ERROR;
				CLANG_WARN_EMPTY_BODY = YES;
				CLANG_WARN_ENUM_CONVERSION = YES;
				CLANG_WARN_INT_CONVERSION = YES;
				CLANG_WARN_OBJC_ROOT_CLASS = YES_ERROR;
				CLANG_WARN_UNREACHABLE_CODE = YES;
				CLANG_WARN__DUPLICATE_METHOD_MATCH = YES;
				"CODE_SIGN_IDENTITY[sdk=iphoneos*]" = "iPhone Developer";
				COPY_PHASE_STRIP = NO;
				ENABLE_STRICT_OBJC_MSGSEND = YES;
				GCC_C_LANGUAGE_STANDARD = gnu99;
				GCC_DYNAMIC_NO_PIC = NO;
				GCC_OPTIMIZATION_LEVEL = 0;
				GCC_PREPROCESSOR_DEFINITIONS = (
					"DEBUG=1",
					"$(inherited)",
				);
				GCC_SYMBOLS_PRIVATE_EXTERN = NO;
				GCC_WARN_64_TO_32_BIT_CONVERSION = YES;
				GCC_WARN_ABOUT_RETURN_TYPE = YES_ERROR;
				GCC_WARN_UNDECLARED_SELECTOR = YES;
				GCC_WARN_UNINITIALIZED_AUTOS = YES_AGGRESSIVE;
				GCC_WARN_UNUSED_FUNCTION = YES;
				GCC_WARN_UNUSED_VARIABLE = YES;
				IPHONEOS_DEPLOYMENT_TARGET = 8.0;
				MTL_ENABLE_DEBUG_INFO = YES;
				ONLY_ACTIVE_ARCH = YES;
				SDKROOT = iphoneos;
				TARGETED_DEVICE_FAMILY = "1,2";
			};
			name = Debug;
		};
		A061596019FEF22C005ADCBB /* Release */ = {
			isa = XCBuildConfiguration;
			buildSettings = {
				ALWAYS_SEARCH_USER_PATHS = NO;
				CLANG_CXX_LANGUAGE_STANDARD = "gnu++0x";
				CLANG_CXX_LIBRARY = "libc++";
				CLANG_ENABLE_MODULES = YES;
				CLANG_ENABLE_OBJC_ARC = YES;
				CLANG_WARN_BOOL_CONVERSION = YES;
				CLANG_WARN_CONSTANT_CONVERSION = YES;
				CLANG_WARN_DIRECT_OBJC_ISA_USAGE = YES_ERROR;
				CLANG_WARN_EMPTY_BODY = YES;
				CLANG_WARN_ENUM_CONVERSION = YES;
				CLANG_WARN_INT_CONVERSION = YES;
				CLANG_WARN_OBJC_ROOT_CLASS = YES_ERROR;
				CLANG_WARN_UNREACHABLE_CODE = YES;
				CLANG_WARN__DUPLICATE_METHOD_MATCH = YES;
				"CODE_SIGN_IDENTITY[sdk=iphoneos*]" = "iPhone Developer";
				COPY_PHASE_STRIP = YES;
				ENABLE_NS_ASSERTIONS = NO;
				ENABLE_STRICT_OBJC_MSGSEND = YES;
				GCC_C_LANGUAGE_STANDARD = gnu99;
				GCC_WARN_64_TO_32_BIT_CONVERSION = YES;
				GCC_WARN_ABOUT_RETURN_TYPE = YES_ERROR;
				GCC_WARN_UNDECLARED_SELECTOR = YES;
				GCC_WARN_UNINITIALIZED_AUTOS = YES_AGGRESSIVE;
				GCC_WARN_UNUSED_FUNCTION = YES;
				GCC_WARN_UNUSED_VARIABLE = YES;
				IPHONEOS_DEPLOYMENT_TARGET = 8.0;
				MTL_ENABLE_DEBUG_INFO = NO;
				SDKROOT = iphoneos;
				TARGETED_DEVICE_FAMILY = "1,2";
				VALIDATE_PRODUCT = YES;
			};
			name = Release;
		};
		A061596219FEF22C005ADCBB /* Debug */ = {
			isa = XCBuildConfiguration;
			buildSettings = {
				ASSETCATALOG_COMPILER_APPICON_NAME = AppIcon;
				INFOPLIST_FILE = SDDataStore/Info.plist;
				LD_RUNPATH_SEARCH_PATHS = "$(inherited) @executable_path/Frameworks";
				PRODUCT_NAME = "$(TARGET_NAME)";
			};
			name = Debug;
		};
		A061596319FEF22C005ADCBB /* Release */ = {
			isa = XCBuildConfiguration;
			buildSettings = {
				ASSETCATALOG_COMPILER_APPICON_NAME = AppIcon;
				INFOPLIST_FILE = SDDataStore/Info.plist;
				LD_RUNPATH_SEARCH_PATHS = "$(inherited) @executable_path/Frameworks";
				PRODUCT_NAME = "$(TARGET_NAME)";
			};
			name = Release;
		};
		A061596519FEF22C005ADCBB /* Debug */ = {
			isa = XCBuildConfiguration;
			buildSettings = {
				BUNDLE_LOADER = "$(TEST_HOST)";
				FRAMEWORK_SEARCH_PATHS = (
					"$(SDKROOT)/Developer/Library/Frameworks",
					"$(inherited)",
				);
				GCC_PREPROCESSOR_DEFINITIONS = (
					"DEBUG=1",
					"$(inherited)",
				);
				INFOPLIST_FILE = SDDataStoreTests/Info.plist;
				LD_RUNPATH_SEARCH_PATHS = "$(inherited) @executable_path/Frameworks @loader_path/Frameworks";
				PRODUCT_NAME = "$(TARGET_NAME)";
				TEST_HOST = "$(BUILT_PRODUCTS_DIR)/SDDataStore.app/SDDataStore";
			};
			name = Debug;
		};
		A061596619FEF22C005ADCBB /* Release */ = {
			isa = XCBuildConfiguration;
			buildSettings = {
				BUNDLE_LOADER = "$(TEST_HOST)";
				FRAMEWORK_SEARCH_PATHS = (
					"$(SDKROOT)/Developer/Library/Frameworks",
					"$(inherited)",
				);
				INFOPLIST_FILE = SDDataStoreTests/Info.plist;
				LD_RUNPATH_SEARCH_PATHS = "$(inherited) @executable_path/Frameworks @loader_path/Frameworks";
				PRODUCT_NAME = "$(TARGET_NAME)";
				TEST_HOST = "$(BUILT_PRODUCTS_DIR)/SDDataStore.app/SDDataStore";
			};
			name = Release;
		};
/* End XCBuildConfiguration section */

/* Begin XCConfigurationList section */
		A061593619FEF22C005ADCBB /* Build configuration list for PBXProject "SDDataStore" */ = {
			isa = XCConfigurationList;
			buildConfigurations = (
				A061595F19FEF22C005ADCBB /* Debug */,
				A061596019FEF22C005ADCBB /* Release */,
			);
			defaultConfigurationIsVisible = 0;
			defaultConfigurationName = Release;
		};
		A061596119FEF22C005ADCBB /* Build configuration list for PBXNativeTarget "SDDataStore" */ = {
			isa = XCConfigurationList;
			buildConfigurations = (
				A061596219FEF22C005ADCBB /* Debug */,
				A061596319FEF22C005ADCBB /* Release */,
			);
			defaultConfigurationIsVisible = 0;
		};
		A061596419FEF22C005ADCBB /* Build configuration list for PBXNativeTarget "SDDataStoreTests" */ = {
			isa = XCConfigurationList;
			buildConfigurations = (
				A061596519FEF22C005ADCBB /* Debug */,
				A061596619FEF22C005ADCBB /* Release */,
			);
			defaultConfigurationIsVisible = 0;
		};
/* End XCConfigurationList section */

/* Begin XCVersionGroup section */
		A061596819FEF2A1005ADCBB /* SDDataStore.xcdatamodeld */ = {
			isa = XCVersionGroup;
			children = (
				A061596919FEF2A1005ADCBB /* SDDataStore.xcdatamodel */,
			);
			currentVersion = A061596919FEF2A1005ADCBB /* SDDataStore.xcdatamodel */;
			path = SDDataStore.xcdatamodeld;
			sourceTree = "<group>";
			versionGroupType = wrapper.xcdatamodel;
		};
/* End XCVersionGroup section */
	};
	rootObject = A061593319FEF22C005ADCBB /* Project object */;
}
